
Microsoft Visual Studio Solution File, Format Version 12.00
# Visual Studio Version 17
VisualStudioVersion = 17.7.34202.233
MinimumVisualStudioVersion = 10.0.40219.1
Project("{FAE04EC0-301F-11D3-BF4B-00C04F79EFBC}") = "BlackJack", "BlackJack\BlackJack.csproj", "{DE808B02-CFAB-4C74-BF98-7BE3D4B9C5A8}"
EndProject
Project("{FAE04EC0-301F-11D3-BF4B-00C04F79EFBC}") = "BlackJackCL", "BlackJackCL\BlackJackCL.csproj", "{5EA15885-2C05-4B7B-B143-874FFB77A124}"
EndProject
Global
	GlobalSection(SolutionConfigurationPlatforms) = preSolution
		Debug|Any CPU = Debug|Any CPU
		Release|Any CPU = Release|Any CPU
	EndGlobalSection
	GlobalSection(ProjectConfigurationPlatforms) = postSolution
		{DE808B02-CFAB-4C74-BF98-7BE3D4B9C5A8}.Debug|Any CPU.ActiveCfg = Debug|Any CPU
		{DE808B02-CFAB-4C74-BF98-7BE3D4B9C5A8}.Debug|Any CPU.Build.0 = Debug|Any CPU
		{DE808B02-CFAB-4C74-BF98-7BE3D4B9C5A8}.Release|Any CPU.ActiveCfg = Release|Any CPU
		{DE808B02-CFAB-4C74-BF98-7BE3D4B9C5A8}.Release|Any CPU.Build.0 = Release|Any CPU
		{5EA15885-2C05-4B7B-B143-874FFB77A124}.Debug|Any CPU.ActiveCfg = Debug|Any CPU
		{5EA15885-2C05-4B7B-B143-874FFB77A124}.Debug|Any CPU.Build.0 = Debug|Any CPU
		{5EA15885-2C05-4B7B-B143-874FFB77A124}.Release|Any CPU.ActiveCfg = Release|Any CPU
		{5EA15885-2C05-4B7B-B143-874FFB77A124}.Release|Any CPU.Build.0 = Release|Any CPU
	EndGlobalSection
	GlobalSection(SolutionProperties) = preSolution
		HideSolutionNode = FALSE
	EndGlobalSection
	GlobalSection(ExtensibilityGlobals) = postSolution
		SolutionGuid = {CC743BD5-14DF-4EE7-BCFB-63F24A7AEBCD}
	EndGlobalSection
EndGlobal
